
Microsoft Visual Studio Solution File, Format Version 12.00
# Visual Studio Version 17
VisualStudioVersion = 17.10.35027.167
MinimumVisualStudioVersion = 10.0.40219.1
Project("{FAE04EC0-301F-11D3-BF4B-00C04F79EFBC}") = "DeliverooBackend", "DeliverooBackend\DeliverooBackend.csproj", "{81E34BA3-8998-4CCF-949D-59579FA70979}"
EndProject
Global
	GlobalSection(SolutionConfigurationPlatforms) = preSolution
		Debug|Any CPU = Debug|Any CPU
		Release|Any CPU = Release|Any CPU
	EndGlobalSection
	GlobalSection(ProjectConfigurationPlatforms) = postSolution
		{81E34BA3-8998-4CCF-949D-59579FA70979}.Debug|Any CPU.ActiveCfg = Debug|Any CPU
		{81E34BA3-8998-4CCF-949D-59579FA70979}.Debug|Any CPU.Build.0 = Debug|Any CPU
		{81E34BA3-8998-4CCF-949D-59579FA70979}.Release|Any CPU.ActiveCfg = Release|Any CPU
		{81E34BA3-8998-4CCF-949D-59579FA70979}.Release|Any CPU.Build.0 = Release|Any CPU
	EndGlobalSection
	GlobalSection(SolutionProperties) = preSolution
		HideSolutionNode = FALSE
	EndGlobalSection
	GlobalSection(ExtensibilityGlobals) = postSolution
		SolutionGuid = {C14F6F84-D5C6-4AB0-90D0-8C9927BB7D2A}
	EndGlobalSection
EndGlobal
